%{
  "clipboard": {:hex, :clipboard, "0.2.1", "d1409d6c94f6f5806c5c224d6396fb750729c6284bf375c08e9428ce9efc6470", [:mix], [], "hexpm"},
  "decimal": {:hex, :decimal, "1.5.0", "b0433a36d0e2430e3d50291b1c65f53c37d56f83665b43d79963684865beab68", [:mix], [], "hexpm"},
  "eleveldb": {:hex, :eleveldb, "2.2.20", "1fff63a5055bbf4bf821f797ef76065882b193f5e8095f95fcd9287187773b58", [:rebar3], [], "hexpm"},
  "elixir_make": {:hex, :elixir_make, "0.4.2", "332c649d08c18bc1ecc73b1befc68c647136de4f340b548844efc796405743bf", [:mix], [], "hexpm"},
  "elixium_core": {:hex, :elixium_core, "0.2.11", "5053ed30fe990e04b28c92b8855d3b58f41b4e436c839adc2af253f3f0fc9794", [:mix], [{:decimal, "~> 1.0", [hex: :decimal, repo: "hexpm", optional: false]}, {:exleveldb, "~> 0.12.2", [hex: :exleveldb, repo: "hexpm", optional: false]}, {:jason, "~> 1.0", [hex: :jason, repo: "hexpm", optional: false]}, {:keccakf1600, "~> 2.0.0", [hex: :keccakf1600, repo: "hexpm", optional: false]}, {:strap, "~> 0.1.1", [hex: :strap, repo: "hexpm", optional: false]}], "hexpm"},
  "eqrcode": {:hex, :eqrcode, "0.1.5", "6a38e9b303d292c7781123a0717a25bdbaabdf692159294ed096b474001b95e8", [:mix], [], "hexpm"},
  "exleveldb": {:hex, :exleveldb, "0.12.2", "7336156284c94fe4c7eeb1270c69c9d7b59cb852e49e21cd68a2c6a85d87f34e", [:mix], [{:eleveldb, "~> 2.2.20", [hex: :eleveldb, repo: "hexpm", optional: false]}], "hexpm"},
  "jason": {:hex, :jason, "1.1.2", "b03dedea67a99223a2eaf9f1264ce37154564de899fd3d8b9a21b1a6fd64afe7", [:mix], [{:decimal, "~> 1.0", [hex: :decimal, repo: "hexpm", optional: true]}], "hexpm"},
  "keccakf1600": {:hex, :keccakf1600, "2.0.0", "69d02d844a101bf3c75484c9e334fd04b0f57280727e881cac3bd8240432f43a", [:rebar3], [], "hexpm"},
  "scenic": {:git, "https://github.com/boydm/scenic.git", "68c30298177af00d91742d785af49775fcba7544", []},
  "scenic_driver_glfw": {:hex, :scenic_driver_glfw, "0.9.0", "4c7a8300b71ec7174bc7f7d142d1eefbfe345520ed303bab2716a65fc9a21a8c", [:make, :mix], [{:elixir_make, "~> 0.4", [hex: :elixir_make, repo: "hexpm", optional: false]}, {:scenic, "~> 0.9", [hex: :scenic, repo: "hexpm", optional: false]}], "hexpm"},
  "strap": {:hex, :strap, "0.1.1", "90fedb0b51a1c81678cc1386ed9d3d9e6126ac718af4de2a852d730c0fc6d67f", [:mix], [], "hexpm"},
}
